{
  "version": 4,
  "terraform_version": "1.4.5",
  "serial": 62,
  "lineage": "3c31be91-86e9-40ac-87d0-accf8d4e7cb5",
  "outputs": {
    "public_ip": {
      "value": "20.228.190.231",
      "type": "string"
    },
    "public_ip_address": {
      "value": "20.231.65.183",
      "type": "string"
    },
    "resource_group_name": {
      "value": "rg-ace-stallion",
      "type": "string"
    },
    "tls_private_key": {
      "value": "-----BEGIN RSA PRIVATE KEY-----\nMIIJJwIBAAKCAgEAtGR6PlC54qi3opj+QUN/dsIjpuI5iM79NheFAsP5lTcLhDf+\nBZP4iumTqwCBQYhX2XRjETSAW4p6fZoZJnqA3bPS1X6eo2C7Kn5+gLsS6MWnhdkj\n0h1d0XH3SD6Fc+8iYzCuTFsbEL33Cwn0TZ+TBitF6QyT5ZSUogW33h/3pj5qVRrZ\n71HuVU/y1Q2R5zF+60jLHI6s6lrNmhanjIyo76O1oZlqTdLdQ6TYA+HzHV4uXReT\nTf7uBtudxb/iatshrFWvVITQWeDZtXd6hCBUU434aR4rewmDOSsH+Gfha8bKnr39\nBL6BdRuqXGKSqmTfW81RXROrCLcSHROOgc/xMWU4fwtSjkqSB9MkTEM9COs9MiRW\nmuZpxpKuavOczP8Kja88YFbi5ffg9m1NmPQI67aW44GXLnukurU0kzT0G6pKti/P\nkL+sOhksznCE3Wz46BbSHF+03GWsVg84gAZtMr2d7sTC9zQl4NnCGbId/UM0MvG2\n0z7RDuLKTxe+V0i7G5NysDFb0rYPirvpXlFTdV14VoIntVZ1Jpe6a2C4Wf9RUaPn\nXN4GFa3gfUfHbDScUuLje5hkPPOpijH9yEQohKgHCTXntdqYxEDTe0zSi+H+C+Te\nGNUYM6mQzICsplBDHv1rJOpA3pvyXyCvPppDMU+UL/0Y6rEMJYPMMvMArY0CAwEA\nAQKCAgBdn+CKQx+W8fYNH9amTL/1BSG31aYCyVtGHcLdApWgyibiAqWGg5v1jPEl\nSWfMeVUO+YcJQPR1jlOwqK/w9pe3eUMtpz/yj5vUnD5P1cgko6EkqOQcgz1UHRA4\noKpm13BDhtqPqqFLeSykwA/Z0b5e70qjf/GqsAjMZqddU74WvEI31W3S9fT6tjnU\nNezJzziOKQOx2KMKJwKavLNNERwE9DSqoJM5vP01xHKQ4U5qqZzql/fN/UfQq18h\naUu8Jes+JGKRPTVd0INt2Yru1FCv5PlOpWfvvaorm5fRZyjp5Qz4gqa1NaK/AxLS\nTB7O7Pe4D8Hwyupz5YAzMxk9ao1FNK959jqX6Clh5VI04xubACZJh2EEI6rXOEUS\n8lilzP9/hXUAfuWt7hxEa7IpFQCHVNPB5lWAHBzDJ4HhRmHg//fyAUVUumMZo3EK\nT73GSUGUdc6raNuxa0p/sEvfwMKonk12YdUBXfTZ4sJ9z25hLgz0ExL1mY+h78GO\n7+LCaiOtg+ej05IuuorKNCzkwjxZHn4YNBA+oIXZHUFvuSmCqYaZRKn95qQoUgQv\npR+ZWOVl3kvFI5iTvuC2ZVdWAV/TXHxxU4PsghvGn+A0AcCNo+DcVoq04SerbrO7\n6/yZPaLpp0tXFmoHDK15AB8hWiBbcwr78dFyY4hJynpKdaLKyQKCAQEA2BOWChTC\nudnoezbqU/QEVBWaMN7+/r+UTdfQ86afx8IQosd6l9L558EUP8a9k3XIT9ZjTJm7\npK9oUz/GEfaEzJ4rZ7vZFcHmMGl5BL45uWg0I6JFamjW4GSSf4YgYB3LYTXuPJe/\nWYNHyJawcGPtlAP4ohNkjiUjBzZG5SRBzMDfZ/Ir5wx0kldG+FKaaYgI6bSBiTHP\noU5TG9zaE7aTNqutjZamabuyKz+ESxbsfkpgNu+QSmUlCQ45s9EkWnweQ+d+k7Mk\neZV6hvEwjDQ1kd5fb61A9+1xh0V/UfPyUEhm47vnkzJE40HG3ZBwmD8IlfIncg5j\niSYOx6R+vL/ZIwKCAQEA1bkJxtFmc34MiZXKLeaDQpgo1ceDEB5w7LP00RNkhZ9O\n4ARwjB9vZhLUMbjbHNNpFbcpp1lujXb9mq6LeaPOGFtonjSjNZcGvtJAsAn4Oq25\n/ZwefegChIsaG6EXxMIvSF7gAizKKIflT8Fr3IbNbzqRZ8Zo3GAHno8HgmnHHRHq\nWNTy7tmnaQaT8SzRXnnrJNHixko/PB/+tOkqcRQsEKoTVOUFoFWJFI9oozjq0qx0\nIGcTdG2N9pXLqwiA/D/pABmY36u9RazV0tHmjCQN4GJioQ+zoiBh9b6hSJusJAOi\nuVr1A5jNe2v1DLRASwI0l1Mil9sBWH+lTsRdWAHBjwKCAQBWxwbq5YuOuET1twhE\nzyst2b8jAWvHQ4l7+cChGbnxr66esR46+zACMzi+pEJehl78MU2P5e3GJevwAxy4\n+hg7VQp5jqeQZV7c8n73uK3WGFNYPENEiPZDCCENtgAqmcykLdSP4SGoAWFC3cHe\nYUN4vl+MN92aeK+opdOzEuyaHpuaU1fuYsIuQ37tG7+HwmpR8XxUbPzF+37FId0z\nLY/R1QDObEJJFGhplgi7X2l7DsO1TGDWf+hvypbB8Kx46n/9JWtgRgHQEogyyYqF\nxDH/cx9A6oO9Dk8Z1H9dmmsmcu1faIeIRhgEbNZBBVEy053PGoFc/QpcejxVUWrU\nwvehAoIBAHgHMYxtMcKO+e+TJjbdDL6rwdM990doMTdeYZHB+GRq8dsx4xtu1BtZ\nW76I+NWZjZzafxQzT7k3KHpkqIQqEKbxPzIKkdaY+PrWDepPzw71Xk0mDqHbWP6j\nOIhn0nd4LyHP1rKiAO7+UzSVhkQVmO5s0Bid/2o0rFLKNQdy7JZQ53H4Nm8Z4cFE\nJnX+G5+ZjQvirB98t0LHHT7w7BsRnyXEvpKhBKXlI9VeLP/uCUNEAvvnp69tj5r6\nyaVGY1pHck3SEl8bjnLA/F0n8PinjvuDhay6qsHUue9Pnjiu5OBdAlhi0tOwT0aP\nfNIjsS/vDyYlVHpATuMq3OX9tgalBdUCggEAdIre7WB51lkTUnbdrH2RfJiD8EVl\nYU9+nB47AJqVWCQ0t7gEa1VygG/2BEt+H+fi42xL9mftL3nP/r0hONNOHxmTvNsL\nOEMfuQyq9NjdKKZ85fUHJixlYP7hl1NSoIw91ZD8+eOWw/M3cBqesBa3XsOFuJj/\nI3DsUQGssqv/jWlnGuvtnc2Mm8h/jWiI6ZzrHAvviy26moMofUxcxfu7M7cWGxlq\nRc6RmB+xgjpwpHMvY9Ich4+4ZYbLF1DrbOb+SmRtCq33+SsMkasel/8Hwz6RWehJ\n8BBDoLt73dbtZ47xhfg7kTHlLUuvQxjCZDXcsCxSbqYRJzc8DrC1Kab1XQ==\n-----END RSA PRIVATE KEY-----\n",
      "type": "string",
      "sensitive": true
    }
  },
  "resources": [
    {
      "mode": "managed",
      "type": "azurerm_linux_virtual_machine",
      "name": "my_terraform_vm",
      "provider": "provider[\"registry.terraform.io/hashicorp/azurerm\"]",
      "instances": [
        {
          "schema_version": 0,
          "attributes": {
            "additional_capabilities": [],
            "admin_password": null,
            "admin_ssh_key": [
              {
                "public_key": "ssh-rsa AAAAB3NzaC1yc2EAAAADAQABAAACAQC0ZHo+ULniqLeimP5BQ392wiOm4jmIzv02F4UCw/mVNwuEN/4Fk/iK6ZOrAIFBiFfZdGMRNIBbinp9mhkmeoDds9LVfp6jYLsqfn6AuxLoxaeF2SPSHV3RcfdIPoVz7yJjMK5MWxsQvfcLCfRNn5MGK0XpDJPllJSiBbfeH/emPmpVGtnvUe5VT/LVDZHnMX7rSMscjqzqWs2aFqeMjKjvo7WhmWpN0t1DpNgD4fMdXi5dF5NN/u4G253Fv+Jq2yGsVa9UhNBZ4Nm1d3qEIFRTjfhpHit7CYM5Kwf4Z+Frxsqevf0EvoF1G6pcYpKqZN9bzVFdE6sItxIdE46Bz/ExZTh/C1KOSpIH0yRMQz0I6z0yJFaa5mnGkq5q85zM/wqNrzxgVuLl9+D2bU2Y9AjrtpbjgZcue6S6tTSTNPQbqkq2L8+Qv6w6GSzOcITdbPjoFtIcX7TcZaxWDziABm0yvZ3uxML3NCXg2cIZsh39QzQy8bbTPtEO4spPF75XSLsbk3KwMVvStg+Ku+leUVN1XXhWgie1VnUml7prYLhZ/1FRo+dc3gYVreB9R8dsNJxS4uN7mGQ886mKMf3IRCiEqAcJNee12pjEQNN7TNKL4f4L5N4Y1RgzqZDMgKymUEMe/Wsk6kDem/JfIK8+mkMxT5Qv/RjqsQwlg8wy8wCtjQ==\n",
                "username": "azureuser"
              }
            ],
            "admin_username": "azureuser",
            "allow_extension_operations": true,
            "availability_set_id": "",
            "boot_diagnostics": [],
            "computer_name": "myvm",
            "custom_data": null,
            "dedicated_host_group_id": "",
            "dedicated_host_id": "",
            "disable_password_authentication": true,
            "encryption_at_host_enabled": false,
            "eviction_policy": "",
            "extensions_time_budget": "PT1H30M",
            "id": "/subscriptions/ddaab660-45e8-4059-b8ca-30e1678cb880/resourceGroups/rg-ace-stallion/providers/Microsoft.Compute/virtualMachines/myVM",
            "identity": [],
            "license_type": "",
            "location": "eastus",
            "max_bid_price": -1,
            "name": "myVM",
            "network_interface_ids": [
              "/subscriptions/ddaab660-45e8-4059-b8ca-30e1678cb880/resourceGroups/rg-ace-stallion/providers/Microsoft.Network/networkInterfaces/myNIC"
            ],
            "os_disk": [
              {
                "caching": "ReadWrite",
                "diff_disk_settings": [],
                "disk_encryption_set_id": "",
                "disk_size_gb": 30,
                "name": "myOsDisk",
                "storage_account_type": "Premium_LRS",
                "write_accelerator_enabled": false
              }
            ],
            "patch_mode": "ImageDefault",
            "plan": [],
            "platform_fault_domain": -1,
            "priority": "Regular",
            "private_ip_address": "10.0.1.4",
            "private_ip_addresses": [
              "10.0.1.4"
            ],
            "provision_vm_agent": true,
            "proximity_placement_group_id": "",
            "public_ip_address": "20.231.65.183",
            "public_ip_addresses": [
              "20.231.65.183"
            ],
            "resource_group_name": "rg-ace-stallion",
            "secret": [],
            "secure_boot_enabled": false,
            "size": "Standard_DS1_v2",
            "source_image_id": "",
            "source_image_reference": [
              {
                "offer": "0001-com-ubuntu-server-jammy",
                "publisher": "Canonical",
                "sku": "22_04-lts-gen2",
                "version": "latest"
              }
            ],
            "tags": {},
            "timeouts": null,
            "user_data": "",
            "virtual_machine_id": "c9283c4a-1e57-4c53-a1b3-eba68e908002",
            "virtual_machine_scale_set_id": "",
            "vtpm_enabled": false,
            "zone": ""
          },
          "sensitive_attributes": [],
          "private": "eyJlMmJmYjczMC1lY2FhLTExZTYtOGY4OC0zNDM2M2JjN2M0YzAiOnsiY3JlYXRlIjoyNzAwMDAwMDAwMDAwLCJkZWxldGUiOjI3MDAwMDAwMDAwMDAsInJlYWQiOjMwMDAwMDAwMDAwMCwidXBkYXRlIjoyNzAwMDAwMDAwMDAwfX0=",
          "dependencies": [
            "azurerm_network_interface.my_terraform_nic",
            "azurerm_public_ip.my_terraform_public_ip",
            "azurerm_resource_group.rg",
            "azurerm_subnet.my_terraform_subnet",
            "azurerm_virtual_network.my_terraform_network",
            "random_pet.rg_name",
            "tls_private_key.example_ssh"
          ]
        }
      ]
    },
    {
      "mode": "managed",
      "type": "azurerm_linux_virtual_machine",
      "name": "my_terraform_vm1",
      "provider": "provider[\"registry.terraform.io/hashicorp/azurerm\"]",
      "instances": [
        {
          "schema_version": 0,
          "attributes": {
            "additional_capabilities": [],
            "admin_password": "Azure123456!",
            "admin_ssh_key": [],
            "admin_username": "linuxusr",
            "allow_extension_operations": true,
            "availability_set_id": "",
            "boot_diagnostics": [],
            "computer_name": "linuxVM",
            "custom_data": null,
            "dedicated_host_group_id": "",
            "dedicated_host_id": "",
            "disable_password_authentication": false,
            "encryption_at_host_enabled": false,
            "eviction_policy": "",
            "extensions_time_budget": "PT1H30M",
            "id": "/subscriptions/ddaab660-45e8-4059-b8ca-30e1678cb880/resourceGroups/rg1_name/providers/Microsoft.Compute/virtualMachines/linuxVM",
            "identity": [],
            "license_type": "",
            "location": "eastus",
            "max_bid_price": -1,
            "name": "linuxVM",
            "network_interface_ids": [
              "/subscriptions/ddaab660-45e8-4059-b8ca-30e1678cb880/resourceGroups/rg1_name/providers/Microsoft.Network/networkInterfaces/myNIC1"
            ],
            "os_disk": [
              {
                "caching": "ReadWrite",
                "diff_disk_settings": [],
                "disk_encryption_set_id": "",
                "disk_size_gb": 30,
                "name": "myOsDisk",
                "storage_account_type": "Premium_LRS",
                "write_accelerator_enabled": false
              }
            ],
            "patch_mode": "ImageDefault",
            "plan": [],
            "platform_fault_domain": -1,
            "priority": "Regular",
            "private_ip_address": "10.0.1.4",
            "private_ip_addresses": [
              "10.0.1.4"
            ],
            "provision_vm_agent": true,
            "proximity_placement_group_id": "",
            "public_ip_address": "20.228.190.231",
            "public_ip_addresses": [
              "20.228.190.231"
            ],
            "resource_group_name": "rg1_name",
            "secret": [],
            "secure_boot_enabled": false,
            "size": "Standard_DS1_v2",
            "source_image_id": "",
            "source_image_reference": [
              {
                "offer": "UbuntuServer",
                "publisher": "Canonical",
                "sku": "18.04-LTS",
                "version": "latest"
              }
            ],
            "tags": null,
            "timeouts": null,
            "user_data": "",
            "virtual_machine_id": "9f6c580b-b276-41e0-ac49-4de5672eda1e",
            "virtual_machine_scale_set_id": "",
            "vtpm_enabled": false,
            "zone": ""
          },
          "sensitive_attributes": [],
          "private": "eyJlMmJmYjczMC1lY2FhLTExZTYtOGY4OC0zNDM2M2JjN2M0YzAiOnsiY3JlYXRlIjoyNzAwMDAwMDAwMDAwLCJkZWxldGUiOjI3MDAwMDAwMDAwMDAsInJlYWQiOjMwMDAwMDAwMDAwMCwidXBkYXRlIjoyNzAwMDAwMDAwMDAwfX0=",
          "dependencies": [
            "azurerm_network_interface.my_terraform_nic1",
            "azurerm_resource_group.rg1"
          ]
        }
      ]
    },
    {
      "mode": "managed",
      "type": "azurerm_network_interface",
      "name": "my_terraform_nic",
      "provider": "provider[\"registry.terraform.io/hashicorp/azurerm\"]",
      "instances": [
        {
          "schema_version": 0,
          "attributes": {
            "applied_dns_servers": [],
            "dns_servers": [],
            "enable_accelerated_networking": false,
            "enable_ip_forwarding": false,
            "id": "/subscriptions/ddaab660-45e8-4059-b8ca-30e1678cb880/resourceGroups/rg-ace-stallion/providers/Microsoft.Network/networkInterfaces/myNIC",
            "internal_dns_name_label": "",
            "internal_domain_name_suffix": "jvud05lybxmebifdhqh3sntqra.bx.internal.cloudapp.net",
            "ip_configuration": [
              {
                "gateway_load_balancer_frontend_ip_configuration_id": "",
                "name": "my_nic_configuration",
                "primary": true,
                "private_ip_address": "10.0.1.4",
                "private_ip_address_allocation": "Dynamic",
                "private_ip_address_version": "IPv4",
                "public_ip_address_id": "/subscriptions/ddaab660-45e8-4059-b8ca-30e1678cb880/resourceGroups/rg-ace-stallion/providers/Microsoft.Network/publicIPAddresses/myPublicIP",
                "subnet_id": "/subscriptions/ddaab660-45e8-4059-b8ca-30e1678cb880/resourceGroups/rg-ace-stallion/providers/Microsoft.Network/virtualNetworks/myVnet/subnets/mySubnet"
              }
            ],
            "location": "eastus",
            "mac_address": "00-22-48-25-24-B0",
            "name": "myNIC",
            "private_ip_address": "10.0.1.4",
            "private_ip_addresses": [
              "10.0.1.4"
            ],
            "resource_group_name": "rg-ace-stallion",
            "tags": {},
            "timeouts": null,
            "virtual_machine_id": "/subscriptions/ddaab660-45e8-4059-b8ca-30e1678cb880/resourceGroups/rg-ace-stallion/providers/Microsoft.Compute/virtualMachines/myVM"
          },
          "sensitive_attributes": [],
          "private": "eyJlMmJmYjczMC1lY2FhLTExZTYtOGY4OC0zNDM2M2JjN2M0YzAiOnsiY3JlYXRlIjoxODAwMDAwMDAwMDAwLCJkZWxldGUiOjE4MDAwMDAwMDAwMDAsInJlYWQiOjMwMDAwMDAwMDAwMCwidXBkYXRlIjoxODAwMDAwMDAwMDAwfX0=",
          "dependencies": [
            "azurerm_public_ip.my_terraform_public_ip",
            "azurerm_resource_group.rg",
            "azurerm_subnet.my_terraform_subnet",
            "azurerm_virtual_network.my_terraform_network",
            "random_pet.rg_name"
          ]
        }
      ]
    },
    {
      "mode": "managed",
      "type": "azurerm_network_interface",
      "name": "my_terraform_nic1",
      "provider": "provider[\"registry.terraform.io/hashicorp/azurerm\"]",
      "instances": [
        {
          "schema_version": 0,
          "attributes": {
            "applied_dns_servers": [],
            "dns_servers": [],
            "enable_accelerated_networking": false,
            "enable_ip_forwarding": false,
            "id": "/subscriptions/ddaab660-45e8-4059-b8ca-30e1678cb880/resourceGroups/rg1_name/providers/Microsoft.Network/networkInterfaces/myNIC1",
            "internal_dns_name_label": "",
            "internal_domain_name_suffix": "qeodgyw21ijevfcb3hkjbrwl2a.bx.internal.cloudapp.net",
            "ip_configuration": [
              {
                "gateway_load_balancer_frontend_ip_configuration_id": "",
                "name": "my_nic_configuration1",
                "primary": true,
                "private_ip_address": "10.0.1.4",
                "private_ip_address_allocation": "Dynamic",
                "private_ip_address_version": "IPv4",
                "public_ip_address_id": "/subscriptions/ddaab660-45e8-4059-b8ca-30e1678cb880/resourceGroups/rg1_name/providers/Microsoft.Network/publicIPAddresses/myPublicIP1",
                "subnet_id": "/subscriptions/ddaab660-45e8-4059-b8ca-30e1678cb880/resourceGroups/rg1_name/providers/Microsoft.Network/virtualNetworks/myVnet1/subnets/mySubnet1"
              }
            ],
            "location": "eastus",
            "mac_address": "",
            "name": "myNIC1",
            "private_ip_address": "10.0.1.4",
            "private_ip_addresses": [
              "10.0.1.4"
            ],
            "resource_group_name": "rg1_name",
            "tags": {},
            "timeouts": null,
            "virtual_machine_id": ""
          },
          "sensitive_attributes": [],
          "private": "eyJlMmJmYjczMC1lY2FhLTExZTYtOGY4OC0zNDM2M2JjN2M0YzAiOnsiY3JlYXRlIjoxODAwMDAwMDAwMDAwLCJkZWxldGUiOjE4MDAwMDAwMDAwMDAsInJlYWQiOjMwMDAwMDAwMDAwMCwidXBkYXRlIjoxODAwMDAwMDAwMDAwfX0=",
          "dependencies": [
            "azurerm_public_ip.my_terraform_public_ip1",
            "azurerm_resource_group.rg1",
            "azurerm_subnet.my_terraform_subnet1",
            "azurerm_virtual_network.my_terraform_network1"
          ]
        }
      ]
    },
    {
      "mode": "managed",
      "type": "azurerm_network_interface_security_group_association",
      "name": "example",
      "provider": "provider[\"registry.terraform.io/hashicorp/azurerm\"]",
      "instances": [
        {
          "schema_version": 0,
          "attributes": {
            "id": "/subscriptions/ddaab660-45e8-4059-b8ca-30e1678cb880/resourceGroups/rg-ace-stallion/providers/Microsoft.Network/networkInterfaces/myNIC|/subscriptions/ddaab660-45e8-4059-b8ca-30e1678cb880/resourceGroups/rg-ace-stallion/providers/Microsoft.Network/networkSecurityGroups/myNetworkSecurityGroup",
            "network_interface_id": "/subscriptions/ddaab660-45e8-4059-b8ca-30e1678cb880/resourceGroups/rg-ace-stallion/providers/Microsoft.Network/networkInterfaces/myNIC",
            "network_security_group_id": "/subscriptions/ddaab660-45e8-4059-b8ca-30e1678cb880/resourceGroups/rg-ace-stallion/providers/Microsoft.Network/networkSecurityGroups/myNetworkSecurityGroup",
            "timeouts": null
          },
          "sensitive_attributes": [],
          "private": "eyJlMmJmYjczMC1lY2FhLTExZTYtOGY4OC0zNDM2M2JjN2M0YzAiOnsiY3JlYXRlIjoxODAwMDAwMDAwMDAwLCJkZWxldGUiOjE4MDAwMDAwMDAwMDAsInJlYWQiOjMwMDAwMDAwMDAwMCwidXBkYXRlIjoxODAwMDAwMDAwMDAwfX0=",
          "dependencies": [
            "azurerm_network_interface.my_terraform_nic",
            "azurerm_network_security_group.my_terraform_nsg",
            "azurerm_public_ip.my_terraform_public_ip",
            "azurerm_resource_group.rg",
            "azurerm_subnet.my_terraform_subnet",
            "azurerm_virtual_network.my_terraform_network",
            "random_pet.rg_name"
          ]
        }
      ]
    },
    {
      "mode": "managed",
      "type": "azurerm_network_interface_security_group_association",
      "name": "example1",
      "provider": "provider[\"registry.terraform.io/hashicorp/azurerm\"]",
      "instances": [
        {
          "schema_version": 0,
          "attributes": {
            "id": "/subscriptions/ddaab660-45e8-4059-b8ca-30e1678cb880/resourceGroups/rg1_name/providers/Microsoft.Network/networkInterfaces/myNIC1|/subscriptions/ddaab660-45e8-4059-b8ca-30e1678cb880/resourceGroups/rg1_name/providers/Microsoft.Network/networkSecurityGroups/myNetworkSecurityGroup1",
            "network_interface_id": "/subscriptions/ddaab660-45e8-4059-b8ca-30e1678cb880/resourceGroups/rg1_name/providers/Microsoft.Network/networkInterfaces/myNIC1",
            "network_security_group_id": "/subscriptions/ddaab660-45e8-4059-b8ca-30e1678cb880/resourceGroups/rg1_name/providers/Microsoft.Network/networkSecurityGroups/myNetworkSecurityGroup1",
            "timeouts": null
          },
          "sensitive_attributes": [],
          "private": "eyJlMmJmYjczMC1lY2FhLTExZTYtOGY4OC0zNDM2M2JjN2M0YzAiOnsiY3JlYXRlIjoxODAwMDAwMDAwMDAwLCJkZWxldGUiOjE4MDAwMDAwMDAwMDAsInJlYWQiOjMwMDAwMDAwMDAwMCwidXBkYXRlIjoxODAwMDAwMDAwMDAwfX0=",
          "dependencies": [
            "azurerm_network_interface.my_terraform_nic1",
            "azurerm_network_security_group.my_terraform_nsg1",
            "azurerm_public_ip.my_terraform_public_ip1",
            "azurerm_resource_group.rg1",
            "azurerm_subnet.my_terraform_subnet1",
            "azurerm_virtual_network.my_terraform_network1"
          ]
        }
      ]
    },
    {
      "mode": "managed",
      "type": "azurerm_network_security_group",
      "name": "my_terraform_nsg",
      "provider": "provider[\"registry.terraform.io/hashicorp/azurerm\"]",
      "instances": [
        {
          "schema_version": 0,
          "attributes": {
            "id": "/subscriptions/ddaab660-45e8-4059-b8ca-30e1678cb880/resourceGroups/rg-ace-stallion/providers/Microsoft.Network/networkSecurityGroups/myNetworkSecurityGroup",
            "location": "eastus",
            "name": "myNetworkSecurityGroup",
            "resource_group_name": "rg-ace-stallion",
            "security_rule": [
              {
                "access": "Allow",
                "description": "",
                "destination_address_prefix": "*",
                "destination_address_prefixes": [],
                "destination_application_security_group_ids": [],
                "destination_port_range": "22",
                "destination_port_ranges": [],
                "direction": "Inbound",
                "name": "SSH",
                "priority": 1001,
                "protocol": "Tcp",
                "source_address_prefix": "*",
                "source_address_prefixes": [],
                "source_application_security_group_ids": [],
                "source_port_range": "*",
                "source_port_ranges": []
              }
            ],
            "tags": {},
            "timeouts": null
          },
          "sensitive_attributes": [],
          "private": "eyJlMmJmYjczMC1lY2FhLTExZTYtOGY4OC0zNDM2M2JjN2M0YzAiOnsiY3JlYXRlIjoxODAwMDAwMDAwMDAwLCJkZWxldGUiOjE4MDAwMDAwMDAwMDAsInJlYWQiOjMwMDAwMDAwMDAwMCwidXBkYXRlIjoxODAwMDAwMDAwMDAwfX0=",
          "dependencies": [
            "azurerm_resource_group.rg",
            "random_pet.rg_name"
          ]
        }
      ]
    },
    {
      "mode": "managed",
      "type": "azurerm_network_security_group",
      "name": "my_terraform_nsg1",
      "provider": "provider[\"registry.terraform.io/hashicorp/azurerm\"]",
      "instances": [
        {
          "schema_version": 0,
          "attributes": {
            "id": "/subscriptions/ddaab660-45e8-4059-b8ca-30e1678cb880/resourceGroups/rg1_name/providers/Microsoft.Network/networkSecurityGroups/myNetworkSecurityGroup1",
            "location": "eastus",
            "name": "myNetworkSecurityGroup1",
            "resource_group_name": "rg1_name",
            "security_rule": [
              {
                "access": "Allow",
                "description": "",
                "destination_address_prefix": "*",
                "destination_address_prefixes": [],
                "destination_application_security_group_ids": [],
                "destination_port_range": "22",
                "destination_port_ranges": [],
                "direction": "Inbound",
                "name": "SSH1",
                "priority": 1001,
                "protocol": "Tcp",
                "source_address_prefix": "*",
                "source_address_prefixes": [],
                "source_application_security_group_ids": [],
                "source_port_range": "*",
                "source_port_ranges": []
              }
            ],
            "tags": {},
            "timeouts": null
          },
          "sensitive_attributes": [],
          "private": "eyJlMmJmYjczMC1lY2FhLTExZTYtOGY4OC0zNDM2M2JjN2M0YzAiOnsiY3JlYXRlIjoxODAwMDAwMDAwMDAwLCJkZWxldGUiOjE4MDAwMDAwMDAwMDAsInJlYWQiOjMwMDAwMDAwMDAwMCwidXBkYXRlIjoxODAwMDAwMDAwMDAwfX0=",
          "dependencies": [
            "azurerm_resource_group.rg1"
          ]
        }
      ]
    },
    {
      "mode": "managed",
      "type": "azurerm_public_ip",
      "name": "my_terraform_public_ip",
      "provider": "provider[\"registry.terraform.io/hashicorp/azurerm\"]",
      "instances": [
        {
          "schema_version": 0,
          "attributes": {
            "allocation_method": "Dynamic",
            "availability_zone": "No-Zone",
            "domain_name_label": null,
            "fqdn": null,
            "id": "/subscriptions/ddaab660-45e8-4059-b8ca-30e1678cb880/resourceGroups/rg-ace-stallion/providers/Microsoft.Network/publicIPAddresses/myPublicIP",
            "idle_timeout_in_minutes": 4,
            "ip_address": "20.231.65.183",
            "ip_tags": {},
            "ip_version": "IPv4",
            "location": "eastus",
            "name": "myPublicIP",
            "public_ip_prefix_id": null,
            "resource_group_name": "rg-ace-stallion",
            "reverse_fqdn": null,
            "sku": "Basic",
            "sku_tier": "Regional",
            "tags": {},
            "timeouts": null,
            "zones": []
          },
          "sensitive_attributes": [],
          "private": "eyJlMmJmYjczMC1lY2FhLTExZTYtOGY4OC0zNDM2M2JjN2M0YzAiOnsiY3JlYXRlIjoxODAwMDAwMDAwMDAwLCJkZWxldGUiOjE4MDAwMDAwMDAwMDAsInJlYWQiOjMwMDAwMDAwMDAwMCwidXBkYXRlIjoxODAwMDAwMDAwMDAwfX0=",
          "dependencies": [
            "azurerm_resource_group.rg",
            "random_pet.rg_name"
          ]
        }
      ]
    },
    {
      "mode": "managed",
      "type": "azurerm_public_ip",
      "name": "my_terraform_public_ip1",
      "provider": "provider[\"registry.terraform.io/hashicorp/azurerm\"]",
      "instances": [
        {
          "schema_version": 0,
          "attributes": {
            "allocation_method": "Dynamic",
            "availability_zone": "No-Zone",
            "domain_name_label": null,
            "fqdn": null,
            "id": "/subscriptions/ddaab660-45e8-4059-b8ca-30e1678cb880/resourceGroups/rg1_name/providers/Microsoft.Network/publicIPAddresses/myPublicIP1",
            "idle_timeout_in_minutes": 4,
            "ip_address": "",
            "ip_tags": {},
            "ip_version": "IPv4",
            "location": "eastus",
            "name": "myPublicIP1",
            "public_ip_prefix_id": null,
            "resource_group_name": "rg1_name",
            "reverse_fqdn": null,
            "sku": "Basic",
            "sku_tier": "Regional",
            "tags": {},
            "timeouts": null,
            "zones": []
          },
          "sensitive_attributes": [],
          "private": "eyJlMmJmYjczMC1lY2FhLTExZTYtOGY4OC0zNDM2M2JjN2M0YzAiOnsiY3JlYXRlIjoxODAwMDAwMDAwMDAwLCJkZWxldGUiOjE4MDAwMDAwMDAwMDAsInJlYWQiOjMwMDAwMDAwMDAwMCwidXBkYXRlIjoxODAwMDAwMDAwMDAwfX0=",
          "dependencies": [
            "azurerm_resource_group.rg1"
          ]
        }
      ]
    },
    {
      "mode": "managed",
      "type": "azurerm_resource_group",
      "name": "rg",
      "provider": "provider[\"registry.terraform.io/hashicorp/azurerm\"]",
      "instances": [
        {
          "schema_version": 0,
          "attributes": {
            "id": "/subscriptions/ddaab660-45e8-4059-b8ca-30e1678cb880/resourceGroups/rg-ace-stallion",
            "location": "eastus",
            "name": "rg-ace-stallion",
            "tags": {},
            "timeouts": null
          },
          "sensitive_attributes": [],
          "private": "eyJlMmJmYjczMC1lY2FhLTExZTYtOGY4OC0zNDM2M2JjN2M0YzAiOnsiY3JlYXRlIjo1NDAwMDAwMDAwMDAwLCJkZWxldGUiOjU0MDAwMDAwMDAwMDAsInJlYWQiOjMwMDAwMDAwMDAwMCwidXBkYXRlIjo1NDAwMDAwMDAwMDAwfX0=",
          "dependencies": [
            "random_pet.rg_name"
          ]
        }
      ]
    },
    {
      "mode": "managed",
      "type": "azurerm_resource_group",
      "name": "rg1",
      "provider": "provider[\"registry.terraform.io/hashicorp/azurerm\"]",
      "instances": [
        {
          "schema_version": 0,
          "attributes": {
            "id": "/subscriptions/ddaab660-45e8-4059-b8ca-30e1678cb880/resourceGroups/rg1_name",
            "location": "eastus",
            "name": "rg1_name",
            "tags": {},
            "timeouts": null
          },
          "sensitive_attributes": [],
          "private": "eyJlMmJmYjczMC1lY2FhLTExZTYtOGY4OC0zNDM2M2JjN2M0YzAiOnsiY3JlYXRlIjo1NDAwMDAwMDAwMDAwLCJkZWxldGUiOjU0MDAwMDAwMDAwMDAsInJlYWQiOjMwMDAwMDAwMDAwMCwidXBkYXRlIjo1NDAwMDAwMDAwMDAwfX0="
        }
      ]
    },
    {
      "mode": "managed",
      "type": "azurerm_subnet",
      "name": "my_terraform_subnet",
      "provider": "provider[\"registry.terraform.io/hashicorp/azurerm\"]",
      "instances": [
        {
          "schema_version": 0,
          "attributes": {
            "address_prefix": "10.0.1.0/24",
            "address_prefixes": [
              "10.0.1.0/24"
            ],
            "delegation": [],
            "enforce_private_link_endpoint_network_policies": false,
            "enforce_private_link_service_network_policies": false,
            "id": "/subscriptions/ddaab660-45e8-4059-b8ca-30e1678cb880/resourceGroups/rg-ace-stallion/providers/Microsoft.Network/virtualNetworks/myVnet/subnets/mySubnet",
            "name": "mySubnet",
            "resource_group_name": "rg-ace-stallion",
            "service_endpoint_policy_ids": [],
            "service_endpoints": [],
            "timeouts": null,
            "virtual_network_name": "myVnet"
          },
          "sensitive_attributes": [],
          "private": "eyJlMmJmYjczMC1lY2FhLTExZTYtOGY4OC0zNDM2M2JjN2M0YzAiOnsiY3JlYXRlIjoxODAwMDAwMDAwMDAwLCJkZWxldGUiOjE4MDAwMDAwMDAwMDAsInJlYWQiOjMwMDAwMDAwMDAwMCwidXBkYXRlIjoxODAwMDAwMDAwMDAwfX0=",
          "dependencies": [
            "azurerm_resource_group.rg",
            "azurerm_virtual_network.my_terraform_network",
            "random_pet.rg_name"
          ]
        }
      ]
    },
    {
      "mode": "managed",
      "type": "azurerm_subnet",
      "name": "my_terraform_subnet1",
      "provider": "provider[\"registry.terraform.io/hashicorp/azurerm\"]",
      "instances": [
        {
          "schema_version": 0,
          "attributes": {
            "address_prefix": "10.0.1.0/24",
            "address_prefixes": [
              "10.0.1.0/24"
            ],
            "delegation": [],
            "enforce_private_link_endpoint_network_policies": false,
            "enforce_private_link_service_network_policies": false,
            "id": "/subscriptions/ddaab660-45e8-4059-b8ca-30e1678cb880/resourceGroups/rg1_name/providers/Microsoft.Network/virtualNetworks/myVnet1/subnets/mySubnet1",
            "name": "mySubnet1",
            "resource_group_name": "rg1_name",
            "service_endpoint_policy_ids": [],
            "service_endpoints": [],
            "timeouts": null,
            "virtual_network_name": "myVnet1"
          },
          "sensitive_attributes": [],
          "private": "eyJlMmJmYjczMC1lY2FhLTExZTYtOGY4OC0zNDM2M2JjN2M0YzAiOnsiY3JlYXRlIjoxODAwMDAwMDAwMDAwLCJkZWxldGUiOjE4MDAwMDAwMDAwMDAsInJlYWQiOjMwMDAwMDAwMDAwMCwidXBkYXRlIjoxODAwMDAwMDAwMDAwfX0=",
          "dependencies": [
            "azurerm_resource_group.rg1",
            "azurerm_virtual_network.my_terraform_network1"
          ]
        }
      ]
    },
    {
      "mode": "managed",
      "type": "azurerm_virtual_network",
      "name": "my_terraform_network",
      "provider": "provider[\"registry.terraform.io/hashicorp/azurerm\"]",
      "instances": [
        {
          "schema_version": 0,
          "attributes": {
            "address_space": [
              "10.0.0.0/16"
            ],
            "bgp_community": "",
            "ddos_protection_plan": [],
            "dns_servers": [],
            "flow_timeout_in_minutes": 0,
            "guid": "7d3d684d-0d78-40d8-a0a3-3c0fd9367088",
            "id": "/subscriptions/ddaab660-45e8-4059-b8ca-30e1678cb880/resourceGroups/rg-ace-stallion/providers/Microsoft.Network/virtualNetworks/myVnet",
            "location": "eastus",
            "name": "myVnet",
            "resource_group_name": "rg-ace-stallion",
            "subnet": [
              {
                "address_prefix": "10.0.1.0/24",
                "id": "/subscriptions/ddaab660-45e8-4059-b8ca-30e1678cb880/resourceGroups/rg-ace-stallion/providers/Microsoft.Network/virtualNetworks/myVnet/subnets/mySubnet",
                "name": "mySubnet",
                "security_group": ""
              }
            ],
            "tags": {},
            "timeouts": null,
            "vm_protection_enabled": false
          },
          "sensitive_attributes": [],
          "private": "eyJlMmJmYjczMC1lY2FhLTExZTYtOGY4OC0zNDM2M2JjN2M0YzAiOnsiY3JlYXRlIjoxODAwMDAwMDAwMDAwLCJkZWxldGUiOjE4MDAwMDAwMDAwMDAsInJlYWQiOjMwMDAwMDAwMDAwMCwidXBkYXRlIjoxODAwMDAwMDAwMDAwfX0=",
          "dependencies": [
            "azurerm_resource_group.rg",
            "random_pet.rg_name"
          ]
        }
      ]
    },
    {
      "mode": "managed",
      "type": "azurerm_virtual_network",
      "name": "my_terraform_network1",
      "provider": "provider[\"registry.terraform.io/hashicorp/azurerm\"]",
      "instances": [
        {
          "schema_version": 0,
          "attributes": {
            "address_space": [
              "10.0.0.0/16"
            ],
            "bgp_community": "",
            "ddos_protection_plan": [],
            "dns_servers": [],
            "flow_timeout_in_minutes": 0,
            "guid": "62331c81-dadc-4a12-9441-e9d490c6cbe0",
            "id": "/subscriptions/ddaab660-45e8-4059-b8ca-30e1678cb880/resourceGroups/rg1_name/providers/Microsoft.Network/virtualNetworks/myVnet1",
            "location": "eastus",
            "name": "myVnet1",
            "resource_group_name": "rg1_name",
            "subnet": [
              {
                "address_prefix": "10.0.1.0/24",
                "id": "/subscriptions/ddaab660-45e8-4059-b8ca-30e1678cb880/resourceGroups/rg1_name/providers/Microsoft.Network/virtualNetworks/myVnet1/subnets/mySubnet1",
                "name": "mySubnet1",
                "security_group": ""
              }
            ],
            "tags": {},
            "timeouts": null,
            "vm_protection_enabled": false
          },
          "sensitive_attributes": [],
          "private": "eyJlMmJmYjczMC1lY2FhLTExZTYtOGY4OC0zNDM2M2JjN2M0YzAiOnsiY3JlYXRlIjoxODAwMDAwMDAwMDAwLCJkZWxldGUiOjE4MDAwMDAwMDAwMDAsInJlYWQiOjMwMDAwMDAwMDAwMCwidXBkYXRlIjoxODAwMDAwMDAwMDAwfX0=",
          "dependencies": [
            "azurerm_resource_group.rg1"
          ]
        }
      ]
    },
    {
      "mode": "managed",
      "type": "random_pet",
      "name": "rg_name",
      "provider": "provider[\"registry.terraform.io/hashicorp/random\"]",
      "instances": [
        {
          "schema_version": 0,
          "attributes": {
            "id": "rg-ace-stallion",
            "keepers": null,
            "length": 2,
            "prefix": "rg",
            "separator": "-"
          },
          "sensitive_attributes": []
        }
      ]
    },
    {
      "mode": "managed",
      "type": "tls_private_key",
      "name": "example_ssh",
      "provider": "provider[\"registry.terraform.io/hashicorp/tls\"]",
      "instances": [
        {
          "schema_version": 1,
          "attributes": {
            "algorithm": "RSA",
            "ecdsa_curve": "P224",
            "id": "a405f4ee7f0adb1f978358fab083c48b497373c4",
            "private_key_openssh": "-----BEGIN OPENSSH PRIVATE KEY-----\nb3BlbnNzaC1rZXktdjEAAAAABG5vbmUAAAAEbm9uZQAAAAAAAAABAAACFwAAAAdz\nc2gtcnNhAAAAAwEAAQAAAgEAtGR6PlC54qi3opj+QUN/dsIjpuI5iM79NheFAsP5\nlTcLhDf+BZP4iumTqwCBQYhX2XRjETSAW4p6fZoZJnqA3bPS1X6eo2C7Kn5+gLsS\n6MWnhdkj0h1d0XH3SD6Fc+8iYzCuTFsbEL33Cwn0TZ+TBitF6QyT5ZSUogW33h/3\npj5qVRrZ71HuVU/y1Q2R5zF+60jLHI6s6lrNmhanjIyo76O1oZlqTdLdQ6TYA+Hz\nHV4uXReTTf7uBtudxb/iatshrFWvVITQWeDZtXd6hCBUU434aR4rewmDOSsH+Gfh\na8bKnr39BL6BdRuqXGKSqmTfW81RXROrCLcSHROOgc/xMWU4fwtSjkqSB9MkTEM9\nCOs9MiRWmuZpxpKuavOczP8Kja88YFbi5ffg9m1NmPQI67aW44GXLnukurU0kzT0\nG6pKti/PkL+sOhksznCE3Wz46BbSHF+03GWsVg84gAZtMr2d7sTC9zQl4NnCGbId\n/UM0MvG20z7RDuLKTxe+V0i7G5NysDFb0rYPirvpXlFTdV14VoIntVZ1Jpe6a2C4\nWf9RUaPnXN4GFa3gfUfHbDScUuLje5hkPPOpijH9yEQohKgHCTXntdqYxEDTe0zS\ni+H+C+TeGNUYM6mQzICsplBDHv1rJOpA3pvyXyCvPppDMU+UL/0Y6rEMJYPMMvMA\nrY0AAAc4C4IuYwuCLmMAAAAHc3NoLXJzYQAAAgEAtGR6PlC54qi3opj+QUN/dsIj\npuI5iM79NheFAsP5lTcLhDf+BZP4iumTqwCBQYhX2XRjETSAW4p6fZoZJnqA3bPS\n1X6eo2C7Kn5+gLsS6MWnhdkj0h1d0XH3SD6Fc+8iYzCuTFsbEL33Cwn0TZ+TBitF\n6QyT5ZSUogW33h/3pj5qVRrZ71HuVU/y1Q2R5zF+60jLHI6s6lrNmhanjIyo76O1\noZlqTdLdQ6TYA+HzHV4uXReTTf7uBtudxb/iatshrFWvVITQWeDZtXd6hCBUU434\naR4rewmDOSsH+Gfha8bKnr39BL6BdRuqXGKSqmTfW81RXROrCLcSHROOgc/xMWU4\nfwtSjkqSB9MkTEM9COs9MiRWmuZpxpKuavOczP8Kja88YFbi5ffg9m1NmPQI67aW\n44GXLnukurU0kzT0G6pKti/PkL+sOhksznCE3Wz46BbSHF+03GWsVg84gAZtMr2d\n7sTC9zQl4NnCGbId/UM0MvG20z7RDuLKTxe+V0i7G5NysDFb0rYPirvpXlFTdV14\nVoIntVZ1Jpe6a2C4Wf9RUaPnXN4GFa3gfUfHbDScUuLje5hkPPOpijH9yEQohKgH\nCTXntdqYxEDTe0zSi+H+C+TeGNUYM6mQzICsplBDHv1rJOpA3pvyXyCvPppDMU+U\nL/0Y6rEMJYPMMvMArY0AAAADAQABAAACAF2f4IpDH5bx9g0f1qZMv/UFIbfVpgLJ\nW0Ydwt0ClaDKJuICpYaDm/WM8SVJZ8x5VQ75hwlA9HWOU7Cor/D2l7d5Qy2nP/KP\nm9ScPk/VyCSjoSSo5ByDPVQdEDigqmbXcEOG2o+qoUt5LKTAD9nRvl7vSqN/8aqw\nCMxmp11Tvha8QjfVbdL19Pq2OdQ17MnPOI4pA7HYowonApq8s00RHAT0NKqgkzm8\n/TXEcpDhTmqpnOqX9839R9CrXyFpS7wl6z4kYpE9NV3Qg23Ziu7UUK/k+U6lZ++9\nqiubl9FnKOnlDPiCprU1or8DEtJMHs7s97gPwfDK6nPlgDMzGT1qjUU0r3n2Opfo\nKWHlUjTjG5sAJkmHYQQjqtc4RRLyWKXM/3+FdQB+5a3uHERrsikVAIdU08HmVYAc\nHMMngeFGYeD/9/IBRVS6YxmjcQpPvcZJQZR1zqto27FrSn+wS9/AwqieTXZh1QFd\n9Nniwn3PbmEuDPQTEvWZj6HvwY7v4sJqI62D56PTki66iso0LOTCPFkefhg0ED6g\nhdkdQW+5KYKphplEqf3mpChSBC+lH5lY5WXeS8UjmJO+4LZlV1YBX9NcfHFTg+yC\nG8af4DQBwI2j4NxWirThJ6tus7vr/Jk9oumnS1cWagcMrXkAHyFaIFtzCvvx0XJj\niEnKekp1osrJAAABAHSK3u1gedZZE1J23ax9kXyYg/BFZWFPfpweOwCalVgkNLe4\nBGtVcoBv9gRLfh/n4uNsS/Zn7S95z/69ITjTTh8Zk7zbCzhDH7kMqvTY3SimfOX1\nByYsZWD+4ZdTUqCMPdWQ/PnjlsPzN3AanrAWt17DhbiY/yNw7FEBrLKr/41pZxrr\n7Z3NjJvIf41oiOmc6xwL74stupqDKH1MXMX7uzO3FhsZakXOkZgfsYI6cKRzL2PS\nHIePuGWGyxdQ62zm/kpkbQqt9/krDJGrHpf/B8M+kVnoSfAQQ6C7e93W7WeO8YX4\nO5Ex5S1Lr0MYwmQ13LAsUm6mESc3PA6wtSmm9V0AAAEBANgTlgoUwrnZ6Hs26lP0\nBFQVmjDe/v6/lE3X0POmn8fCEKLHepfS+efBFD/GvZN1yE/WY0yZu6SvaFM/xhH2\nhMyeK2e72RXB5jBpeQS+ObloNCOiRWpo1uBkkn+GIGAdy2E17jyXv1mDR8iWsHBj\n7ZQD+KITZI4lIwc2RuUkQczA32fyK+cMdJJXRvhSmmmICOm0gYkxz6FOUxvc2hO2\nkzarrY2Wpmm7sis/hEsW7H5KYDbvkEplJQkOObPRJFp8HkPnfpOzJHmVeobxMIw0\nNZHeX2+tQPftcYdFf1Hz8lBIZuO755MyRONBxt2QcJg/CJXyJ3IOY4kmDsekfry/\n2SMAAAEBANW5CcbRZnN+DImVyi3mg0KYKNXHgxAecOyz9NETZIWfTuAEcIwfb2YS\n1DG42xzTaRW3KadZbo12/Zqui3mjzhhbaJ40ozWXBr7SQLAJ+Dqtuf2cHn3oAoSL\nGhuhF8TCL0he4AIsyiiH5U/Ba9yGzW86kWfGaNxgB56PB4Jpxx0R6ljU8u7Zp2kG\nk/Es0V556yTR4sZKPzwf/rTpKnEULBCqE1TlBaBViRSPaKM46tKsdCBnE3RtjfaV\ny6sIgPw/6QAZmN+rvUWs1dLR5owkDeBiYqEPs6IgYfW+oUibrCQDorla9QOYzXtr\n9Qy0QEsCNJdTIpfbAVh/pU7EXVgBwY8AAAAAAQID\n-----END OPENSSH PRIVATE KEY-----\n",
            "private_key_pem": "-----BEGIN RSA PRIVATE KEY-----\nMIIJJwIBAAKCAgEAtGR6PlC54qi3opj+QUN/dsIjpuI5iM79NheFAsP5lTcLhDf+\nBZP4iumTqwCBQYhX2XRjETSAW4p6fZoZJnqA3bPS1X6eo2C7Kn5+gLsS6MWnhdkj\n0h1d0XH3SD6Fc+8iYzCuTFsbEL33Cwn0TZ+TBitF6QyT5ZSUogW33h/3pj5qVRrZ\n71HuVU/y1Q2R5zF+60jLHI6s6lrNmhanjIyo76O1oZlqTdLdQ6TYA+HzHV4uXReT\nTf7uBtudxb/iatshrFWvVITQWeDZtXd6hCBUU434aR4rewmDOSsH+Gfha8bKnr39\nBL6BdRuqXGKSqmTfW81RXROrCLcSHROOgc/xMWU4fwtSjkqSB9MkTEM9COs9MiRW\nmuZpxpKuavOczP8Kja88YFbi5ffg9m1NmPQI67aW44GXLnukurU0kzT0G6pKti/P\nkL+sOhksznCE3Wz46BbSHF+03GWsVg84gAZtMr2d7sTC9zQl4NnCGbId/UM0MvG2\n0z7RDuLKTxe+V0i7G5NysDFb0rYPirvpXlFTdV14VoIntVZ1Jpe6a2C4Wf9RUaPn\nXN4GFa3gfUfHbDScUuLje5hkPPOpijH9yEQohKgHCTXntdqYxEDTe0zSi+H+C+Te\nGNUYM6mQzICsplBDHv1rJOpA3pvyXyCvPppDMU+UL/0Y6rEMJYPMMvMArY0CAwEA\nAQKCAgBdn+CKQx+W8fYNH9amTL/1BSG31aYCyVtGHcLdApWgyibiAqWGg5v1jPEl\nSWfMeVUO+YcJQPR1jlOwqK/w9pe3eUMtpz/yj5vUnD5P1cgko6EkqOQcgz1UHRA4\noKpm13BDhtqPqqFLeSykwA/Z0b5e70qjf/GqsAjMZqddU74WvEI31W3S9fT6tjnU\nNezJzziOKQOx2KMKJwKavLNNERwE9DSqoJM5vP01xHKQ4U5qqZzql/fN/UfQq18h\naUu8Jes+JGKRPTVd0INt2Yru1FCv5PlOpWfvvaorm5fRZyjp5Qz4gqa1NaK/AxLS\nTB7O7Pe4D8Hwyupz5YAzMxk9ao1FNK959jqX6Clh5VI04xubACZJh2EEI6rXOEUS\n8lilzP9/hXUAfuWt7hxEa7IpFQCHVNPB5lWAHBzDJ4HhRmHg//fyAUVUumMZo3EK\nT73GSUGUdc6raNuxa0p/sEvfwMKonk12YdUBXfTZ4sJ9z25hLgz0ExL1mY+h78GO\n7+LCaiOtg+ej05IuuorKNCzkwjxZHn4YNBA+oIXZHUFvuSmCqYaZRKn95qQoUgQv\npR+ZWOVl3kvFI5iTvuC2ZVdWAV/TXHxxU4PsghvGn+A0AcCNo+DcVoq04SerbrO7\n6/yZPaLpp0tXFmoHDK15AB8hWiBbcwr78dFyY4hJynpKdaLKyQKCAQEA2BOWChTC\nudnoezbqU/QEVBWaMN7+/r+UTdfQ86afx8IQosd6l9L558EUP8a9k3XIT9ZjTJm7\npK9oUz/GEfaEzJ4rZ7vZFcHmMGl5BL45uWg0I6JFamjW4GSSf4YgYB3LYTXuPJe/\nWYNHyJawcGPtlAP4ohNkjiUjBzZG5SRBzMDfZ/Ir5wx0kldG+FKaaYgI6bSBiTHP\noU5TG9zaE7aTNqutjZamabuyKz+ESxbsfkpgNu+QSmUlCQ45s9EkWnweQ+d+k7Mk\neZV6hvEwjDQ1kd5fb61A9+1xh0V/UfPyUEhm47vnkzJE40HG3ZBwmD8IlfIncg5j\niSYOx6R+vL/ZIwKCAQEA1bkJxtFmc34MiZXKLeaDQpgo1ceDEB5w7LP00RNkhZ9O\n4ARwjB9vZhLUMbjbHNNpFbcpp1lujXb9mq6LeaPOGFtonjSjNZcGvtJAsAn4Oq25\n/ZwefegChIsaG6EXxMIvSF7gAizKKIflT8Fr3IbNbzqRZ8Zo3GAHno8HgmnHHRHq\nWNTy7tmnaQaT8SzRXnnrJNHixko/PB/+tOkqcRQsEKoTVOUFoFWJFI9oozjq0qx0\nIGcTdG2N9pXLqwiA/D/pABmY36u9RazV0tHmjCQN4GJioQ+zoiBh9b6hSJusJAOi\nuVr1A5jNe2v1DLRASwI0l1Mil9sBWH+lTsRdWAHBjwKCAQBWxwbq5YuOuET1twhE\nzyst2b8jAWvHQ4l7+cChGbnxr66esR46+zACMzi+pEJehl78MU2P5e3GJevwAxy4\n+hg7VQp5jqeQZV7c8n73uK3WGFNYPENEiPZDCCENtgAqmcykLdSP4SGoAWFC3cHe\nYUN4vl+MN92aeK+opdOzEuyaHpuaU1fuYsIuQ37tG7+HwmpR8XxUbPzF+37FId0z\nLY/R1QDObEJJFGhplgi7X2l7DsO1TGDWf+hvypbB8Kx46n/9JWtgRgHQEogyyYqF\nxDH/cx9A6oO9Dk8Z1H9dmmsmcu1faIeIRhgEbNZBBVEy053PGoFc/QpcejxVUWrU\nwvehAoIBAHgHMYxtMcKO+e+TJjbdDL6rwdM990doMTdeYZHB+GRq8dsx4xtu1BtZ\nW76I+NWZjZzafxQzT7k3KHpkqIQqEKbxPzIKkdaY+PrWDepPzw71Xk0mDqHbWP6j\nOIhn0nd4LyHP1rKiAO7+UzSVhkQVmO5s0Bid/2o0rFLKNQdy7JZQ53H4Nm8Z4cFE\nJnX+G5+ZjQvirB98t0LHHT7w7BsRnyXEvpKhBKXlI9VeLP/uCUNEAvvnp69tj5r6\nyaVGY1pHck3SEl8bjnLA/F0n8PinjvuDhay6qsHUue9Pnjiu5OBdAlhi0tOwT0aP\nfNIjsS/vDyYlVHpATuMq3OX9tgalBdUCggEAdIre7WB51lkTUnbdrH2RfJiD8EVl\nYU9+nB47AJqVWCQ0t7gEa1VygG/2BEt+H+fi42xL9mftL3nP/r0hONNOHxmTvNsL\nOEMfuQyq9NjdKKZ85fUHJixlYP7hl1NSoIw91ZD8+eOWw/M3cBqesBa3XsOFuJj/\nI3DsUQGssqv/jWlnGuvtnc2Mm8h/jWiI6ZzrHAvviy26moMofUxcxfu7M7cWGxlq\nRc6RmB+xgjpwpHMvY9Ich4+4ZYbLF1DrbOb+SmRtCq33+SsMkasel/8Hwz6RWehJ\n8BBDoLt73dbtZ47xhfg7kTHlLUuvQxjCZDXcsCxSbqYRJzc8DrC1Kab1XQ==\n-----END RSA PRIVATE KEY-----\n",
            "private_key_pem_pkcs8": "-----BEGIN PRIVATE KEY-----\nMIIJQQIBADANBgkqhkiG9w0BAQEFAASCCSswggknAgEAAoICAQC0ZHo+ULniqLei\nmP5BQ392wiOm4jmIzv02F4UCw/mVNwuEN/4Fk/iK6ZOrAIFBiFfZdGMRNIBbinp9\nmhkmeoDds9LVfp6jYLsqfn6AuxLoxaeF2SPSHV3RcfdIPoVz7yJjMK5MWxsQvfcL\nCfRNn5MGK0XpDJPllJSiBbfeH/emPmpVGtnvUe5VT/LVDZHnMX7rSMscjqzqWs2a\nFqeMjKjvo7WhmWpN0t1DpNgD4fMdXi5dF5NN/u4G253Fv+Jq2yGsVa9UhNBZ4Nm1\nd3qEIFRTjfhpHit7CYM5Kwf4Z+Frxsqevf0EvoF1G6pcYpKqZN9bzVFdE6sItxId\nE46Bz/ExZTh/C1KOSpIH0yRMQz0I6z0yJFaa5mnGkq5q85zM/wqNrzxgVuLl9+D2\nbU2Y9AjrtpbjgZcue6S6tTSTNPQbqkq2L8+Qv6w6GSzOcITdbPjoFtIcX7TcZaxW\nDziABm0yvZ3uxML3NCXg2cIZsh39QzQy8bbTPtEO4spPF75XSLsbk3KwMVvStg+K\nu+leUVN1XXhWgie1VnUml7prYLhZ/1FRo+dc3gYVreB9R8dsNJxS4uN7mGQ886mK\nMf3IRCiEqAcJNee12pjEQNN7TNKL4f4L5N4Y1RgzqZDMgKymUEMe/Wsk6kDem/Jf\nIK8+mkMxT5Qv/RjqsQwlg8wy8wCtjQIDAQABAoICAF2f4IpDH5bx9g0f1qZMv/UF\nIbfVpgLJW0Ydwt0ClaDKJuICpYaDm/WM8SVJZ8x5VQ75hwlA9HWOU7Cor/D2l7d5\nQy2nP/KPm9ScPk/VyCSjoSSo5ByDPVQdEDigqmbXcEOG2o+qoUt5LKTAD9nRvl7v\nSqN/8aqwCMxmp11Tvha8QjfVbdL19Pq2OdQ17MnPOI4pA7HYowonApq8s00RHAT0\nNKqgkzm8/TXEcpDhTmqpnOqX9839R9CrXyFpS7wl6z4kYpE9NV3Qg23Ziu7UUK/k\n+U6lZ++9qiubl9FnKOnlDPiCprU1or8DEtJMHs7s97gPwfDK6nPlgDMzGT1qjUU0\nr3n2OpfoKWHlUjTjG5sAJkmHYQQjqtc4RRLyWKXM/3+FdQB+5a3uHERrsikVAIdU\n08HmVYAcHMMngeFGYeD/9/IBRVS6YxmjcQpPvcZJQZR1zqto27FrSn+wS9/Awqie\nTXZh1QFd9Nniwn3PbmEuDPQTEvWZj6HvwY7v4sJqI62D56PTki66iso0LOTCPFke\nfhg0ED6ghdkdQW+5KYKphplEqf3mpChSBC+lH5lY5WXeS8UjmJO+4LZlV1YBX9Nc\nfHFTg+yCG8af4DQBwI2j4NxWirThJ6tus7vr/Jk9oumnS1cWagcMrXkAHyFaIFtz\nCvvx0XJjiEnKekp1osrJAoIBAQDYE5YKFMK52eh7NupT9ARUFZow3v7+v5RN19Dz\npp/HwhCix3qX0vnnwRQ/xr2TdchP1mNMmbukr2hTP8YR9oTMnitnu9kVweYwaXkE\nvjm5aDQjokVqaNbgZJJ/hiBgHcthNe48l79Zg0fIlrBwY+2UA/iiE2SOJSMHNkbl\nJEHMwN9n8ivnDHSSV0b4UpppiAjptIGJMc+hTlMb3NoTtpM2q62NlqZpu7IrP4RL\nFux+SmA275BKZSUJDjmz0SRafB5D536TsyR5lXqG8TCMNDWR3l9vrUD37XGHRX9R\n8/JQSGbju+eTMkTjQcbdkHCYPwiV8idyDmOJJg7HpH68v9kjAoIBAQDVuQnG0WZz\nfgyJlcot5oNCmCjVx4MQHnDss/TRE2SFn07gBHCMH29mEtQxuNsc02kVtymnWW6N\ndv2arot5o84YW2ieNKM1lwa+0kCwCfg6rbn9nB596AKEixoboRfEwi9IXuACLMoo\nh+VPwWvchs1vOpFnxmjcYAeejweCaccdEepY1PLu2adpBpPxLNFeeesk0eLGSj88\nH/606SpxFCwQqhNU5QWgVYkUj2ijOOrSrHQgZxN0bY32lcurCID8P+kAGZjfq71F\nrNXS0eaMJA3gYmKhD7OiIGH1vqFIm6wkA6K5WvUDmM17a/UMtEBLAjSXUyKX2wFY\nf6VOxF1YAcGPAoIBAFbHBurli464RPW3CETPKy3ZvyMBa8dDiXv5wKEZufGvrp6x\nHjr7MAIzOL6kQl6GXvwxTY/l7cYl6/ADHLj6GDtVCnmOp5BlXtzyfve4rdYYU1g8\nQ0SI9kMIIQ22ACqZzKQt1I/hIagBYULdwd5hQ3i+X4w33Zp4r6il07MS7Joem5pT\nV+5iwi5Dfu0bv4fCalHxfFRs/MX7fsUh3TMtj9HVAM5sQkkUaGmWCLtfaXsOw7VM\nYNZ/6G/KlsHwrHjqf/0la2BGAdASiDLJioXEMf9zH0Dqg70OTxnUf12aayZy7V9o\nh4hGGARs1kEFUTLTnc8agVz9Clx6PFVRatTC96ECggEAeAcxjG0xwo7575MmNt0M\nvqvB0z33R2gxN15hkcH4ZGrx2zHjG27UG1lbvoj41ZmNnNp/FDNPuTcoemSohCoQ\npvE/MgqR1pj4+tYN6k/PDvVeTSYOodtY/qM4iGfSd3gvIc/WsqIA7v5TNJWGRBWY\n7mzQGJ3/ajSsUso1B3LsllDncfg2bxnhwUQmdf4bn5mNC+KsH3y3QscdPvDsGxGf\nJcS+kqEEpeUj1V4s/+4JQ0QC++enr22PmvrJpUZjWkdyTdISXxuOcsD8XSfw+KeO\n+4OFrLqqwdS570+eOK7k4F0CWGLS07BPRo980iOxL+8PJiVUekBO4yrc5f22BqUF\n1QKCAQB0it7tYHnWWRNSdt2sfZF8mIPwRWVhT36cHjsAmpVYJDS3uARrVXKAb/YE\nS34f5+LjbEv2Z+0vec/+vSE4004fGZO82ws4Qx+5DKr02N0opnzl9QcmLGVg/uGX\nU1KgjD3VkPz545bD8zdwGp6wFrdew4W4mP8jcOxRAayyq/+NaWca6+2dzYybyH+N\naIjpnOscC++LLbqagyh9TFzF+7sztxYbGWpFzpGYH7GCOnCkcy9j0hyHj7hlhssX\nUOts5v5KZG0Krff5KwyRqx6X/wfDPpFZ6EnwEEOgu3vd1u1njvGF+DuRMeUtS69D\nGMJkNdywLFJuphEnNzwOsLUppvVd\n-----END PRIVATE KEY-----\n",
            "public_key_fingerprint_md5": "46:67:d3:f6:82:49:39:9c:15:58:22:4a:e4:55:7d:2f",
            "public_key_fingerprint_sha256": "SHA256:SQNCA8DmdaT/nLTZGmfEM8zkwSTtnojx+cfBb9ZUyUE",
            "public_key_openssh": "ssh-rsa AAAAB3NzaC1yc2EAAAADAQABAAACAQC0ZHo+ULniqLeimP5BQ392wiOm4jmIzv02F4UCw/mVNwuEN/4Fk/iK6ZOrAIFBiFfZdGMRNIBbinp9mhkmeoDds9LVfp6jYLsqfn6AuxLoxaeF2SPSHV3RcfdIPoVz7yJjMK5MWxsQvfcLCfRNn5MGK0XpDJPllJSiBbfeH/emPmpVGtnvUe5VT/LVDZHnMX7rSMscjqzqWs2aFqeMjKjvo7WhmWpN0t1DpNgD4fMdXi5dF5NN/u4G253Fv+Jq2yGsVa9UhNBZ4Nm1d3qEIFRTjfhpHit7CYM5Kwf4Z+Frxsqevf0EvoF1G6pcYpKqZN9bzVFdE6sItxIdE46Bz/ExZTh/C1KOSpIH0yRMQz0I6z0yJFaa5mnGkq5q85zM/wqNrzxgVuLl9+D2bU2Y9AjrtpbjgZcue6S6tTSTNPQbqkq2L8+Qv6w6GSzOcITdbPjoFtIcX7TcZaxWDziABm0yvZ3uxML3NCXg2cIZsh39QzQy8bbTPtEO4spPF75XSLsbk3KwMVvStg+Ku+leUVN1XXhWgie1VnUml7prYLhZ/1FRo+dc3gYVreB9R8dsNJxS4uN7mGQ886mKMf3IRCiEqAcJNee12pjEQNN7TNKL4f4L5N4Y1RgzqZDMgKymUEMe/Wsk6kDem/JfIK8+mkMxT5Qv/RjqsQwlg8wy8wCtjQ==\n",
            "public_key_pem": "-----BEGIN PUBLIC KEY-----\nMIICIjANBgkqhkiG9w0BAQEFAAOCAg8AMIICCgKCAgEAtGR6PlC54qi3opj+QUN/\ndsIjpuI5iM79NheFAsP5lTcLhDf+BZP4iumTqwCBQYhX2XRjETSAW4p6fZoZJnqA\n3bPS1X6eo2C7Kn5+gLsS6MWnhdkj0h1d0XH3SD6Fc+8iYzCuTFsbEL33Cwn0TZ+T\nBitF6QyT5ZSUogW33h/3pj5qVRrZ71HuVU/y1Q2R5zF+60jLHI6s6lrNmhanjIyo\n76O1oZlqTdLdQ6TYA+HzHV4uXReTTf7uBtudxb/iatshrFWvVITQWeDZtXd6hCBU\nU434aR4rewmDOSsH+Gfha8bKnr39BL6BdRuqXGKSqmTfW81RXROrCLcSHROOgc/x\nMWU4fwtSjkqSB9MkTEM9COs9MiRWmuZpxpKuavOczP8Kja88YFbi5ffg9m1NmPQI\n67aW44GXLnukurU0kzT0G6pKti/PkL+sOhksznCE3Wz46BbSHF+03GWsVg84gAZt\nMr2d7sTC9zQl4NnCGbId/UM0MvG20z7RDuLKTxe+V0i7G5NysDFb0rYPirvpXlFT\ndV14VoIntVZ1Jpe6a2C4Wf9RUaPnXN4GFa3gfUfHbDScUuLje5hkPPOpijH9yEQo\nhKgHCTXntdqYxEDTe0zSi+H+C+TeGNUYM6mQzICsplBDHv1rJOpA3pvyXyCvPppD\nMU+UL/0Y6rEMJYPMMvMArY0CAwEAAQ==\n-----END PUBLIC KEY-----\n",
            "rsa_bits": 4096
          },
          "sensitive_attributes": []
        }
      ]
    }
  ],
  "check_results": null
}
